{
  "object": {
    "pins": [
      {
        "package": "Deferred",
        "repositoryURL": "https://github.com/bignerdranch/Deferred.git",
        "state": {
          "branch": null,
          "revision": "96ad3f6dd1ddaffe1830dbb3b1cb783a87d6e952",
          "version": "4.1.0"
        }
      },
      {
        "package": "KeychainAccess",
        "repositoryURL": "https://github.com/kishikawakatsumi/KeychainAccess.git",
        "state": {
          "branch": null,
          "revision": "0046db4ab8fd7be31a59e57912dbb96639ad8ce9",
          "version": "3.2.0"
        }
      }
    ]
  },
  "version": 1
}
