PODS:
  - BNRDeferred (4.0.0-beta.2)
  - BSWFoundation (2.1.0):
    - BNRDeferred (= 4.0.0-beta.2)
    - KeychainAccess (~> 3.1.0)
  - KeychainAccess (3.1.0)

DEPENDENCIES:
  - BSWFoundation (from `./BSWFoundation.podspec`)

SPEC REPOS:
  https://github.com/cocoapods/specs.git:
    - BNRDeferred
    - KeychainAccess

EXTERNAL SOURCES:
  BSWFoundation:
    :path: "./BSWFoundation.podspec"

SPEC CHECKSUMS:
  BNRDeferred: dd84c2000231f02db2aa70afc61178958c556e49
  BSWFoundation: 48c39d2df8ab71000164d9ea9b79fee97aca7067
  KeychainAccess: 94c5540b32eabf7bc32bfb976a268e8ea05fd6da

PODFILE CHECKSUM: 987667a4853d4381149d88f12b9c3ce03d6dccd1

COCOAPODS: 1.5.3
