PODS:
  - BNRDeferred (3.3.1)
  - BSWFoundation (2.0.1):
    - BNRDeferred (= 3.3.1)
    - KeychainAccess (~> 3.1.0)
  - KeychainAccess (3.1.0)

DEPENDENCIES:
  - BSWFoundation (from `./BSWFoundation.podspec`)

SPEC REPOS:
  https://github.com/cocoapods/specs.git:
    - BNRDeferred
    - KeychainAccess

EXTERNAL SOURCES:
  BSWFoundation:
    :path: "./BSWFoundation.podspec"

SPEC CHECKSUMS:
  BNRDeferred: 3936d5a6c2181731eb6528662881312f9aaed08e
  BSWFoundation: 70ab2d2d90e965bb7d046fc9bdf12fb8965b3835
  KeychainAccess: 94c5540b32eabf7bc32bfb976a268e8ea05fd6da

PODFILE CHECKSUM: 4f3371838a328ed316813d95417ec84a84a7610b

COCOAPODS: 1.5.3
