PODS:
  - BNRDeferred (3.3.0)
  - BSWFoundation (1.4.0):
    - BNRDeferred (= 3.3.0)
    - KeychainAccess (~> 3.1.0)
  - KeychainAccess (3.1.0)

DEPENDENCIES:
  - BSWFoundation (from `./BSWFoundation.podspec`)

SPEC REPOS:
  https://github.com/CocoaPods/Specs.git:
    - BNRDeferred
    - KeychainAccess

EXTERNAL SOURCES:
  BSWFoundation:
    :path: "./BSWFoundation.podspec"

SPEC CHECKSUMS:
  BNRDeferred: 1076622f62f3f6e49a6194d9aab84c3ca0fc016d
  BSWFoundation: f9925cbcff6de92263622267ed077812b3bdcc47
  KeychainAccess: 94c5540b32eabf7bc32bfb976a268e8ea05fd6da

PODFILE CHECKSUM: 2d8a373a141055eebcbc0e3c7f99e9c71aa2857f

COCOAPODS: 1.5.0
