// !$*UTF8*$!
{
	archiveVersion = 1;
	classes = {
	};
	objectVersion = 46;
	objects = {

/* Begin PBXBuildFile section */
		5E9A09E2EAD32799A3682712 /* Pods_BSWFoundationDemo.framework in Frameworks */ = {isa = PBXBuildFile; fileRef = 65DC5A4F23B6842903F016A0 /* Pods_BSWFoundationDemo.framework */; };
		E94060DFC00960A8E118F431 /* Pods_BSWFoundationDemo_Tests.framework in Frameworks */ = {isa = PBXBuildFile; fileRef = FB83B6F98EDEE21640089B27 /* Pods_BSWFoundationDemo_Tests.framework */; };
		EB92EAE41EEAFE08008FE3E6 /* cannavaro.jpg in Resources */ = {isa = PBXBuildFile; fileRef = EB92EADC1EEAFDBF008FE3E6 /* cannavaro.jpg */; };
		EB92EAE61EEAFF83008FE3E6 /* JSONParserTests.swift in Sources */ = {isa = PBXBuildFile; fileRef = EB92EAD91EEAFDBF008FE3E6 /* JSONParserTests.swift */; };
		EB92EAE71EEAFF8A008FE3E6 /* CollectionsTests.swift in Sources */ = {isa = PBXBuildFile; fileRef = EB92EADF1EEAFDBF008FE3E6 /* CollectionsTests.swift */; };
		EB92EAE81EEAFF8A008FE3E6 /* ProgressObserverTests.swift in Sources */ = {isa = PBXBuildFile; fileRef = EB92EADB1EEAFDBF008FE3E6 /* ProgressObserverTests.swift */; };
		EB92EAE91EEAFF8A008FE3E6 /* StringTests.swift in Sources */ = {isa = PBXBuildFile; fileRef = EB92EAE01EEAFDBF008FE3E6 /* StringTests.swift */; };
		EB92EAEA1EEAFF8E008FE3E6 /* IdentifiableTests.swift in Sources */ = {isa = PBXBuildFile; fileRef = EB92EADA1EEAFDBF008FE3E6 /* IdentifiableTests.swift */; };
		EB92EAEB1EEAFF92008FE3E6 /* APIClientTests.swift in Sources */ = {isa = PBXBuildFile; fileRef = EB92EADE1EEAFDBF008FE3E6 /* APIClientTests.swift */; };
		EB92EAEC1EEAFF92008FE3E6 /* EnvironmentTests.swift in Sources */ = {isa = PBXBuildFile; fileRef = EB92EADD1EEAFDBF008FE3E6 /* EnvironmentTests.swift */; };
		F5BD76E520A0B2020060476E /* RouterTests.swift in Sources */ = {isa = PBXBuildFile; fileRef = F5BD76E420A0B2020060476E /* RouterTests.swift */; };
		F5BD76E720A0B2880060476E /* Stubs.swift in Sources */ = {isa = PBXBuildFile; fileRef = F5BD76E620A0B2880060476E /* Stubs.swift */; };
		F5DE764E209B594C0072952A /* XCTestCase+Task.swift in Sources */ = {isa = PBXBuildFile; fileRef = F5DE764D209B594C0072952A /* XCTestCase+Task.swift */; };
		F5EBA0C8213ADBEC00DB1BE8 /* AppDelegate.swift in Sources */ = {isa = PBXBuildFile; fileRef = F5EBA0C7213ADBEC00DB1BE8 /* AppDelegate.swift */; };
		F5EBA0CF213ADBED00DB1BE8 /* Assets.xcassets in Resources */ = {isa = PBXBuildFile; fileRef = F5EBA0CE213ADBED00DB1BE8 /* Assets.xcassets */; };
		F5EBA0D2213ADBED00DB1BE8 /* LaunchScreen.storyboard in Resources */ = {isa = PBXBuildFile; fileRef = F5EBA0D0213ADBED00DB1BE8 /* LaunchScreen.storyboard */; };
/* End PBXBuildFile section */

/* Begin PBXContainerItemProxy section */
		F5EBA0F3213ADC6200DB1BE8 /* PBXContainerItemProxy */ = {
			isa = PBXContainerItemProxy;
			containerPortal = DAE4EAD11600B16CE422FDCC /* Project object */;
			proxyType = 1;
			remoteGlobalIDString = F5EBA0C4213ADBEC00DB1BE8;
			remoteInfo = BSWFoundationDemo;
		};
/* End PBXContainerItemProxy section */

/* Begin PBXFileReference section */
		38DABC4057C9D1B7C488B02A /* Pods_BSWFoundationPlayground.framework */ = {isa = PBXFileReference; explicitFileType = wrapper.framework; includeInIndex = 0; path = Pods_BSWFoundationPlayground.framework; sourceTree = BUILT_PRODUCTS_DIR; };
		3D352CF9C5D8995FEBFFBB56 /* Pods-BSWFoundationDemo-Tests.debug.xcconfig */ = {isa = PBXFileReference; includeInIndex = 1; lastKnownFileType = text.xcconfig; name = "Pods-BSWFoundationDemo-Tests.debug.xcconfig"; path = "Pods/Target Support Files/Pods-BSWFoundationDemo-Tests/Pods-BSWFoundationDemo-Tests.debug.xcconfig"; sourceTree = "<group>"; };
		3E3CE6036801B09A2566C181 /* Pods-BSWFoundationDemo.release.xcconfig */ = {isa = PBXFileReference; includeInIndex = 1; lastKnownFileType = text.xcconfig; name = "Pods-BSWFoundationDemo.release.xcconfig"; path = "Pods/Target Support Files/Pods-BSWFoundationDemo/Pods-BSWFoundationDemo.release.xcconfig"; sourceTree = "<group>"; };
		65DC5A4F23B6842903F016A0 /* Pods_BSWFoundationDemo.framework */ = {isa = PBXFileReference; explicitFileType = wrapper.framework; includeInIndex = 0; path = Pods_BSWFoundationDemo.framework; sourceTree = BUILT_PRODUCTS_DIR; };
		6824E64B040577828A322C8C /* Pods-BSWFoundationDemo-Tests.release.xcconfig */ = {isa = PBXFileReference; includeInIndex = 1; lastKnownFileType = text.xcconfig; name = "Pods-BSWFoundationDemo-Tests.release.xcconfig"; path = "Pods/Target Support Files/Pods-BSWFoundationDemo-Tests/Pods-BSWFoundationDemo-Tests.release.xcconfig"; sourceTree = "<group>"; };
		782B63D251EB8D0A5F4535F1 /* Pods-BSWFoundationDemo.debug.xcconfig */ = {isa = PBXFileReference; includeInIndex = 1; lastKnownFileType = text.xcconfig; name = "Pods-BSWFoundationDemo.debug.xcconfig"; path = "Pods/Target Support Files/Pods-BSWFoundationDemo/Pods-BSWFoundationDemo.debug.xcconfig"; sourceTree = "<group>"; };
		8BE9DFBC8A51BCB32473D9A3 /* Foundation.framework */ = {isa = PBXFileReference; lastKnownFileType = wrapper.framework; name = Foundation.framework; path = Platforms/iPhoneOS.platform/Developer/SDKs/iPhoneOS9.3.sdk/System/Library/Frameworks/Foundation.framework; sourceTree = DEVELOPER_DIR; };
		AAC90E169E215AC5355228DA /* Pods-BSWFoundationPlayground.release.xcconfig */ = {isa = PBXFileReference; includeInIndex = 1; lastKnownFileType = text.xcconfig; name = "Pods-BSWFoundationPlayground.release.xcconfig"; path = "Pods/Target Support Files/Pods-BSWFoundationPlayground/Pods-BSWFoundationPlayground.release.xcconfig"; sourceTree = "<group>"; };
		B286A1FB388B680D0B7680FA /* libPods-Common-Tests.a */ = {isa = PBXFileReference; explicitFileType = archive.ar; includeInIndex = 0; path = "libPods-Common-Tests.a"; sourceTree = BUILT_PRODUCTS_DIR; };
		B414D6449302B8AD729B7F98 /* libPods-Common-BSWFoundationPlayground.a */ = {isa = PBXFileReference; explicitFileType = archive.ar; includeInIndex = 0; path = "libPods-Common-BSWFoundationPlayground.a"; sourceTree = BUILT_PRODUCTS_DIR; };
		B48E89A1838989D401DB0A9A /* Pods-BSWFoundationPlayground.debug.xcconfig */ = {isa = PBXFileReference; includeInIndex = 1; lastKnownFileType = text.xcconfig; name = "Pods-BSWFoundationPlayground.debug.xcconfig"; path = "Pods/Target Support Files/Pods-BSWFoundationPlayground/Pods-BSWFoundationPlayground.debug.xcconfig"; sourceTree = "<group>"; };
		B9F504808D79613F25EFC165 /* Pods_BSWFoundationPlayground_Tests.framework */ = {isa = PBXFileReference; explicitFileType = wrapper.framework; includeInIndex = 0; path = Pods_BSWFoundationPlayground_Tests.framework; sourceTree = BUILT_PRODUCTS_DIR; };
		CC38B5A3A2B96427849E5B85 /* Pods-BSWFoundationPlayground-Tests.debug.xcconfig */ = {isa = PBXFileReference; includeInIndex = 1; lastKnownFileType = text.xcconfig; name = "Pods-BSWFoundationPlayground-Tests.debug.xcconfig"; path = "Pods/Target Support Files/Pods-BSWFoundationPlayground-Tests/Pods-BSWFoundationPlayground-Tests.debug.xcconfig"; sourceTree = "<group>"; };
		EB2D29E41D55FC0A00F77ABB /* Tests.xctest */ = {isa = PBXFileReference; explicitFileType = wrapper.cfbundle; includeInIndex = 0; path = Tests.xctest; sourceTree = BUILT_PRODUCTS_DIR; };
		EB2D29E81D55FC0A00F77ABB /* Info.plist */ = {isa = PBXFileReference; lastKnownFileType = text.plist.xml; path = Info.plist; sourceTree = "<group>"; };
		EB92EAD91EEAFDBF008FE3E6 /* JSONParserTests.swift */ = {isa = PBXFileReference; lastKnownFileType = sourcecode.swift; path = JSONParserTests.swift; sourceTree = "<group>"; };
		EB92EADA1EEAFDBF008FE3E6 /* IdentifiableTests.swift */ = {isa = PBXFileReference; lastKnownFileType = sourcecode.swift; path = IdentifiableTests.swift; sourceTree = "<group>"; };
		EB92EADB1EEAFDBF008FE3E6 /* ProgressObserverTests.swift */ = {isa = PBXFileReference; lastKnownFileType = sourcecode.swift; path = ProgressObserverTests.swift; sourceTree = "<group>"; };
		EB92EADC1EEAFDBF008FE3E6 /* cannavaro.jpg */ = {isa = PBXFileReference; lastKnownFileType = image.jpeg; path = cannavaro.jpg; sourceTree = "<group>"; };
		EB92EADD1EEAFDBF008FE3E6 /* EnvironmentTests.swift */ = {isa = PBXFileReference; lastKnownFileType = sourcecode.swift; path = EnvironmentTests.swift; sourceTree = "<group>"; };
		EB92EADE1EEAFDBF008FE3E6 /* APIClientTests.swift */ = {isa = PBXFileReference; lastKnownFileType = sourcecode.swift; path = APIClientTests.swift; sourceTree = "<group>"; };
		EB92EADF1EEAFDBF008FE3E6 /* CollectionsTests.swift */ = {isa = PBXFileReference; lastKnownFileType = sourcecode.swift; path = CollectionsTests.swift; sourceTree = "<group>"; };
		EB92EAE01EEAFDBF008FE3E6 /* StringTests.swift */ = {isa = PBXFileReference; lastKnownFileType = sourcecode.swift; path = StringTests.swift; sourceTree = "<group>"; };
		F2A7BD1F3DEA482517ECF22A /* Pods-BSWFoundationPlayground-Tests.release.xcconfig */ = {isa = PBXFileReference; includeInIndex = 1; lastKnownFileType = text.xcconfig; name = "Pods-BSWFoundationPlayground-Tests.release.xcconfig"; path = "Pods/Target Support Files/Pods-BSWFoundationPlayground-Tests/Pods-BSWFoundationPlayground-Tests.release.xcconfig"; sourceTree = "<group>"; };
		F5BB4B262018EB2E00DA70F0 /* BSWFoundation.podspec */ = {isa = PBXFileReference; lastKnownFileType = text; path = BSWFoundation.podspec; sourceTree = "<group>"; xcLanguageSpecificationIdentifier = xcode.lang.ruby; };
		F5BD76E420A0B2020060476E /* RouterTests.swift */ = {isa = PBXFileReference; lastKnownFileType = sourcecode.swift; path = RouterTests.swift; sourceTree = "<group>"; };
		F5BD76E620A0B2880060476E /* Stubs.swift */ = {isa = PBXFileReference; lastKnownFileType = sourcecode.swift; path = Stubs.swift; sourceTree = "<group>"; };
		F5DE764D209B594C0072952A /* XCTestCase+Task.swift */ = {isa = PBXFileReference; lastKnownFileType = sourcecode.swift; path = "XCTestCase+Task.swift"; sourceTree = "<group>"; };
		F5EBA0C5213ADBEC00DB1BE8 /* BSWFoundationDemo.app */ = {isa = PBXFileReference; explicitFileType = wrapper.application; includeInIndex = 0; path = BSWFoundationDemo.app; sourceTree = BUILT_PRODUCTS_DIR; };
		F5EBA0C7213ADBEC00DB1BE8 /* AppDelegate.swift */ = {isa = PBXFileReference; lastKnownFileType = sourcecode.swift; path = AppDelegate.swift; sourceTree = "<group>"; };
		F5EBA0CE213ADBED00DB1BE8 /* Assets.xcassets */ = {isa = PBXFileReference; lastKnownFileType = folder.assetcatalog; path = Assets.xcassets; sourceTree = "<group>"; };
		F5EBA0D1213ADBED00DB1BE8 /* Base */ = {isa = PBXFileReference; lastKnownFileType = file.storyboard; name = Base; path = Base.lproj/LaunchScreen.storyboard; sourceTree = "<group>"; };
		F5EBA0D3213ADBED00DB1BE8 /* Info.plist */ = {isa = PBXFileReference; lastKnownFileType = text.plist.xml; path = Info.plist; sourceTree = "<group>"; };
		FB83B6F98EDEE21640089B27 /* Pods_BSWFoundationDemo_Tests.framework */ = {isa = PBXFileReference; explicitFileType = wrapper.framework; includeInIndex = 0; path = Pods_BSWFoundationDemo_Tests.framework; sourceTree = BUILT_PRODUCTS_DIR; };
/* End PBXFileReference section */

/* Begin PBXFrameworksBuildPhase section */
		EB2D29E11D55FC0A00F77ABB /* Frameworks */ = {
			isa = PBXFrameworksBuildPhase;
			buildActionMask = 2147483647;
			files = (
				E94060DFC00960A8E118F431 /* Pods_BSWFoundationDemo_Tests.framework in Frameworks */,
			);
			runOnlyForDeploymentPostprocessing = 0;
		};
		F5EBA0C2213ADBEC00DB1BE8 /* Frameworks */ = {
			isa = PBXFrameworksBuildPhase;
			buildActionMask = 2147483647;
			files = (
				5E9A09E2EAD32799A3682712 /* Pods_BSWFoundationDemo.framework in Frameworks */,
			);
			runOnlyForDeploymentPostprocessing = 0;
		};
/* End PBXFrameworksBuildPhase section */

/* Begin PBXGroup section */
		58430B2B40BD990EAD5A3C3B /* Pods */ = {
			isa = PBXGroup;
			children = (
				AAC90E169E215AC5355228DA /* Pods-BSWFoundationPlayground.release.xcconfig */,
				B48E89A1838989D401DB0A9A /* Pods-BSWFoundationPlayground.debug.xcconfig */,
				CC38B5A3A2B96427849E5B85 /* Pods-BSWFoundationPlayground-Tests.debug.xcconfig */,
				F2A7BD1F3DEA482517ECF22A /* Pods-BSWFoundationPlayground-Tests.release.xcconfig */,
				782B63D251EB8D0A5F4535F1 /* Pods-BSWFoundationDemo.debug.xcconfig */,
				3E3CE6036801B09A2566C181 /* Pods-BSWFoundationDemo.release.xcconfig */,
				3D352CF9C5D8995FEBFFBB56 /* Pods-BSWFoundationDemo-Tests.debug.xcconfig */,
				6824E64B040577828A322C8C /* Pods-BSWFoundationDemo-Tests.release.xcconfig */,
			);
			name = Pods;
			sourceTree = "<group>";
		};
		69CAED10BDE0265BAA655A99 /* iOS */ = {
			isa = PBXGroup;
			children = (
				8BE9DFBC8A51BCB32473D9A3 /* Foundation.framework */,
			);
			name = iOS;
			sourceTree = "<group>";
		};
		A12010E500727C37CE77F7B1 /* Frameworks */ = {
			isa = PBXGroup;
			children = (
				69CAED10BDE0265BAA655A99 /* iOS */,
				B414D6449302B8AD729B7F98 /* libPods-Common-BSWFoundationPlayground.a */,
				B286A1FB388B680D0B7680FA /* libPods-Common-Tests.a */,
				38DABC4057C9D1B7C488B02A /* Pods_BSWFoundationPlayground.framework */,
				B9F504808D79613F25EFC165 /* Pods_BSWFoundationPlayground_Tests.framework */,
				65DC5A4F23B6842903F016A0 /* Pods_BSWFoundationDemo.framework */,
				FB83B6F98EDEE21640089B27 /* Pods_BSWFoundationDemo_Tests.framework */,
			);
			name = Frameworks;
			sourceTree = "<group>";
		};
		A4EDA8B626E0A7378A36DEB0 /* Products */ = {
			isa = PBXGroup;
			children = (
				EB2D29E41D55FC0A00F77ABB /* Tests.xctest */,
				F5EBA0C5213ADBEC00DB1BE8 /* BSWFoundationDemo.app */,
			);
			name = Products;
			sourceTree = "<group>";
		};
		A994498BD6DD1CB8891473A2 = {
			isa = PBXGroup;
			children = (
				F5BB4B262018EB2E00DA70F0 /* BSWFoundation.podspec */,
				F5EBA0C6213ADBEC00DB1BE8 /* BSWFoundationDemo */,
				EB2D29E51D55FC0A00F77ABB /* Tests */,
				A4EDA8B626E0A7378A36DEB0 /* Products */,
				A12010E500727C37CE77F7B1 /* Frameworks */,
				58430B2B40BD990EAD5A3C3B /* Pods */,
			);
			indentWidth = 4;
			sourceTree = "<group>";
			tabWidth = 4;
		};
		EB2D29E51D55FC0A00F77ABB /* Tests */ = {
			isa = PBXGroup;
			children = (
				EB92EAE51EEAFE0B008FE3E6 /* Sample Files */,
				EB92EAE21EEAFDE0008FE3E6 /* APIClient */,
				EB92EAE31EEAFDF0008FE3E6 /* Protocols */,
				EB92EAE11EEAFDD2008FE3E6 /* Extensions */,
				EB92EAD81EEAFDBF008FE3E6 /* Parsing */,
				EB2D29E81D55FC0A00F77ABB /* Info.plist */,
			);
			path = Tests;
			sourceTree = "<group>";
		};
		EB92EAD81EEAFDBF008FE3E6 /* Parsing */ = {
			isa = PBXGroup;
			children = (
				EB92EAD91EEAFDBF008FE3E6 /* JSONParserTests.swift */,
			);
			path = Parsing;
			sourceTree = "<group>";
		};
		EB92EAE11EEAFDD2008FE3E6 /* Extensions */ = {
			isa = PBXGroup;
			children = (
				EB92EADF1EEAFDBF008FE3E6 /* CollectionsTests.swift */,
				EB92EADB1EEAFDBF008FE3E6 /* ProgressObserverTests.swift */,
				EB92EAE01EEAFDBF008FE3E6 /* StringTests.swift */,
				F5DE764D209B594C0072952A /* XCTestCase+Task.swift */,
			);
			path = Extensions;
			sourceTree = "<group>";
		};
		EB92EAE21EEAFDE0008FE3E6 /* APIClient */ = {
			isa = PBXGroup;
			children = (
				EB92EADE1EEAFDBF008FE3E6 /* APIClientTests.swift */,
				EB92EADD1EEAFDBF008FE3E6 /* EnvironmentTests.swift */,
				F5BD76E420A0B2020060476E /* RouterTests.swift */,
				F5BD76E620A0B2880060476E /* Stubs.swift */,
			);
			path = APIClient;
			sourceTree = "<group>";
		};
		EB92EAE31EEAFDF0008FE3E6 /* Protocols */ = {
			isa = PBXGroup;
			children = (
				EB92EADA1EEAFDBF008FE3E6 /* IdentifiableTests.swift */,
			);
			path = Protocols;
			sourceTree = "<group>";
		};
		EB92EAE51EEAFE0B008FE3E6 /* Sample Files */ = {
			isa = PBXGroup;
			children = (
				EB92EADC1EEAFDBF008FE3E6 /* cannavaro.jpg */,
			);
			name = "Sample Files";
			sourceTree = "<group>";
		};
		F5EBA0C6213ADBEC00DB1BE8 /* BSWFoundationDemo */ = {
			isa = PBXGroup;
			children = (
				F5EBA0C7213ADBEC00DB1BE8 /* AppDelegate.swift */,
				F5EBA0CE213ADBED00DB1BE8 /* Assets.xcassets */,
				F5EBA0D0213ADBED00DB1BE8 /* LaunchScreen.storyboard */,
				F5EBA0D3213ADBED00DB1BE8 /* Info.plist */,
			);
			path = BSWFoundationDemo;
			sourceTree = "<group>";
		};
/* End PBXGroup section */

/* Begin PBXNativeTarget section */
		EB2D29E31D55FC0A00F77ABB /* Tests */ = {
			isa = PBXNativeTarget;
			buildConfigurationList = EB2D29EB1D55FC0A00F77ABB /* Build configuration list for PBXNativeTarget "Tests" */;
			buildPhases = (
				CC2CC67F3AC3F01B89B20CE5 /* [CP] Check Pods Manifest.lock */,
				EB2D29E01D55FC0A00F77ABB /* Sources */,
				EB2D29E11D55FC0A00F77ABB /* Frameworks */,
				EB2D29E21D55FC0A00F77ABB /* Resources */,
				C1BD1F41E7E9E76A360BBD22 /* [CP] Embed Pods Frameworks */,
			);
			buildRules = (
			);
			dependencies = (
				F5EBA0F4213ADC6200DB1BE8 /* PBXTargetDependency */,
			);
			name = Tests;
			productName = Tests;
			productReference = EB2D29E41D55FC0A00F77ABB /* Tests.xctest */;
			productType = "com.apple.product-type.bundle.unit-test";
		};
		F5EBA0C4213ADBEC00DB1BE8 /* BSWFoundationDemo */ = {
			isa = PBXNativeTarget;
			buildConfigurationList = F5EBA0EA213ADBED00DB1BE8 /* Build configuration list for PBXNativeTarget "BSWFoundationDemo" */;
			buildPhases = (
				6F356B4D867E328F98F7498F /* [CP] Check Pods Manifest.lock */,
				F5EBA0C1213ADBEC00DB1BE8 /* Sources */,
				F5EBA0C2213ADBEC00DB1BE8 /* Frameworks */,
				F5EBA0C3213ADBEC00DB1BE8 /* Resources */,
				7A351563615F2BD68A9B46FA /* [CP] Embed Pods Frameworks */,
			);
			buildRules = (
			);
			dependencies = (
			);
			name = BSWFoundationDemo;
			productName = BSWFoundationDemo;
			productReference = F5EBA0C5213ADBEC00DB1BE8 /* BSWFoundationDemo.app */;
			productType = "com.apple.product-type.application";
		};
/* End PBXNativeTarget section */

/* Begin PBXProject section */
		DAE4EAD11600B16CE422FDCC /* Project object */ = {
			isa = PBXProject;
			attributes = {
				LastSwiftUpdateCheck = 1000;
				LastUpgradeCheck = 0930;
				TargetAttributes = {
					EB2D29E31D55FC0A00F77ABB = {
						CreatedOnToolsVersion = 7.3.1;
						LastSwiftMigration = 1000;
						TestTargetID = F5EBA0C4213ADBEC00DB1BE8;
					};
					F5EBA0C4213ADBEC00DB1BE8 = {
						CreatedOnToolsVersion = 10.0;
						ProvisioningStyle = Automatic;
					};
				};
			};
			buildConfigurationList = 80FCE540C7134368A0829DA0 /* Build configuration list for PBXProject "BSWFoundation" */;
			compatibilityVersion = "Xcode 3.2";
			developmentRegion = English;
			hasScannedForEncodings = 0;
			knownRegions = (
				en,
				Base,
			);
			mainGroup = A994498BD6DD1CB8891473A2;
			productRefGroup = A4EDA8B626E0A7378A36DEB0 /* Products */;
			projectDirPath = "";
			projectRoot = "";
			targets = (
				F5EBA0C4213ADBEC00DB1BE8 /* BSWFoundationDemo */,
				EB2D29E31D55FC0A00F77ABB /* Tests */,
			);
		};
/* End PBXProject section */

/* Begin PBXResourcesBuildPhase section */
		EB2D29E21D55FC0A00F77ABB /* Resources */ = {
			isa = PBXResourcesBuildPhase;
			buildActionMask = 2147483647;
			files = (
				EB92EAE41EEAFE08008FE3E6 /* cannavaro.jpg in Resources */,
			);
			runOnlyForDeploymentPostprocessing = 0;
		};
		F5EBA0C3213ADBEC00DB1BE8 /* Resources */ = {
			isa = PBXResourcesBuildPhase;
			buildActionMask = 2147483647;
			files = (
				F5EBA0D2213ADBED00DB1BE8 /* LaunchScreen.storyboard in Resources */,
				F5EBA0CF213ADBED00DB1BE8 /* Assets.xcassets in Resources */,
			);
			runOnlyForDeploymentPostprocessing = 0;
		};
/* End PBXResourcesBuildPhase section */

/* Begin PBXShellScriptBuildPhase section */
		6F356B4D867E328F98F7498F /* [CP] Check Pods Manifest.lock */ = {
			isa = PBXShellScriptBuildPhase;
			buildActionMask = 2147483647;
			files = (
			);
			inputFileListPaths = (
			);
			inputPaths = (
				"${PODS_PODFILE_DIR_PATH}/Podfile.lock",
				"${PODS_ROOT}/Manifest.lock",
			);
			name = "[CP] Check Pods Manifest.lock";
			outputFileListPaths = (
			);
			outputPaths = (
				"$(DERIVED_FILE_DIR)/Pods-BSWFoundationDemo-checkManifestLockResult.txt",
			);
			runOnlyForDeploymentPostprocessing = 0;
			shellPath = /bin/sh;
			shellScript = "diff \"${PODS_PODFILE_DIR_PATH}/Podfile.lock\" \"${PODS_ROOT}/Manifest.lock\" > /dev/null\nif [ $? != 0 ] ; then\n    # print error to STDERR\n    echo \"error: The sandbox is not in sync with the Podfile.lock. Run 'pod install' or update your CocoaPods installation.\" >&2\n    exit 1\nfi\n# This output is used by Xcode 'outputs' to avoid re-running this script phase.\necho \"SUCCESS\" > \"${SCRIPT_OUTPUT_FILE_0}\"\n";
			showEnvVarsInLog = 0;
		};
		7A351563615F2BD68A9B46FA /* [CP] Embed Pods Frameworks */ = {
			isa = PBXShellScriptBuildPhase;
			buildActionMask = 2147483647;
			files = (
			);
			inputFileListPaths = (
			);
			inputPaths = (
				"${SRCROOT}/Pods/Target Support Files/Pods-BSWFoundationDemo/Pods-BSWFoundationDemo-frameworks.sh",
				"${BUILT_PRODUCTS_DIR}/BNRDeferred/Deferred.framework",
				"${BUILT_PRODUCTS_DIR}/BSWFoundation/BSWFoundation.framework",
				"${BUILT_PRODUCTS_DIR}/KeychainAccess/KeychainAccess.framework",
			);
			name = "[CP] Embed Pods Frameworks";
			outputFileListPaths = (
			);
			outputPaths = (
				"${TARGET_BUILD_DIR}/${FRAMEWORKS_FOLDER_PATH}/Deferred.framework",
				"${TARGET_BUILD_DIR}/${FRAMEWORKS_FOLDER_PATH}/BSWFoundation.framework",
				"${TARGET_BUILD_DIR}/${FRAMEWORKS_FOLDER_PATH}/KeychainAccess.framework",
			);
			runOnlyForDeploymentPostprocessing = 0;
			shellPath = /bin/sh;
			shellScript = "\"${SRCROOT}/Pods/Target Support Files/Pods-BSWFoundationDemo/Pods-BSWFoundationDemo-frameworks.sh\"\n";
			showEnvVarsInLog = 0;
		};
		C1BD1F41E7E9E76A360BBD22 /* [CP] Embed Pods Frameworks */ = {
			isa = PBXShellScriptBuildPhase;
			buildActionMask = 2147483647;
			files = (
			);
			inputPaths = (
				"${SRCROOT}/Pods/Target Support Files/Pods-BSWFoundationDemo-Tests/Pods-BSWFoundationDemo-Tests-frameworks.sh",
				"${BUILT_PRODUCTS_DIR}/BNRDeferred/Deferred.framework",
				"${BUILT_PRODUCTS_DIR}/BSWFoundation/BSWFoundation.framework",
				"${BUILT_PRODUCTS_DIR}/KeychainAccess/KeychainAccess.framework",
			);
			name = "[CP] Embed Pods Frameworks";
			outputPaths = (
				"${TARGET_BUILD_DIR}/${FRAMEWORKS_FOLDER_PATH}/Deferred.framework",
				"${TARGET_BUILD_DIR}/${FRAMEWORKS_FOLDER_PATH}/BSWFoundation.framework",
				"${TARGET_BUILD_DIR}/${FRAMEWORKS_FOLDER_PATH}/KeychainAccess.framework",
			);
			runOnlyForDeploymentPostprocessing = 0;
			shellPath = /bin/sh;
			shellScript = "\"${SRCROOT}/Pods/Target Support Files/Pods-BSWFoundationDemo-Tests/Pods-BSWFoundationDemo-Tests-frameworks.sh\"\n";
			showEnvVarsInLog = 0;
		};
		CC2CC67F3AC3F01B89B20CE5 /* [CP] Check Pods Manifest.lock */ = {
			isa = PBXShellScriptBuildPhase;
			buildActionMask = 2147483647;
			files = (
			);
			inputPaths = (
				"${PODS_PODFILE_DIR_PATH}/Podfile.lock",
				"${PODS_ROOT}/Manifest.lock",
			);
			name = "[CP] Check Pods Manifest.lock";
			outputPaths = (
				"$(DERIVED_FILE_DIR)/Pods-BSWFoundationDemo-Tests-checkManifestLockResult.txt",
			);
			runOnlyForDeploymentPostprocessing = 0;
			shellPath = /bin/sh;
			shellScript = "diff \"${PODS_PODFILE_DIR_PATH}/Podfile.lock\" \"${PODS_ROOT}/Manifest.lock\" > /dev/null\nif [ $? != 0 ] ; then\n    # print error to STDERR\n    echo \"error: The sandbox is not in sync with the Podfile.lock. Run 'pod install' or update your CocoaPods installation.\" >&2\n    exit 1\nfi\n# This output is used by Xcode 'outputs' to avoid re-running this script phase.\necho \"SUCCESS\" > \"${SCRIPT_OUTPUT_FILE_0}\"\n";
			showEnvVarsInLog = 0;
		};
/* End PBXShellScriptBuildPhase section */

/* Begin PBXSourcesBuildPhase section */
		EB2D29E01D55FC0A00F77ABB /* Sources */ = {
			isa = PBXSourcesBuildPhase;
			buildActionMask = 2147483647;
			files = (
				EB92EAE61EEAFF83008FE3E6 /* JSONParserTests.swift in Sources */,
				EB92EAEB1EEAFF92008FE3E6 /* APIClientTests.swift in Sources */,
				EB92EAE81EEAFF8A008FE3E6 /* ProgressObserverTests.swift in Sources */,
				EB92EAEA1EEAFF8E008FE3E6 /* IdentifiableTests.swift in Sources */,
				EB92EAE91EEAFF8A008FE3E6 /* StringTests.swift in Sources */,
				F5DE764E209B594C0072952A /* XCTestCase+Task.swift in Sources */,
				EB92EAE71EEAFF8A008FE3E6 /* CollectionsTests.swift in Sources */,
				F5BD76E520A0B2020060476E /* RouterTests.swift in Sources */,
				EB92EAEC1EEAFF92008FE3E6 /* EnvironmentTests.swift in Sources */,
				F5BD76E720A0B2880060476E /* Stubs.swift in Sources */,
			);
			runOnlyForDeploymentPostprocessing = 0;
		};
		F5EBA0C1213ADBEC00DB1BE8 /* Sources */ = {
			isa = PBXSourcesBuildPhase;
			buildActionMask = 2147483647;
			files = (
				F5EBA0C8213ADBEC00DB1BE8 /* AppDelegate.swift in Sources */,
			);
			runOnlyForDeploymentPostprocessing = 0;
		};
/* End PBXSourcesBuildPhase section */

/* Begin PBXTargetDependency section */
		F5EBA0F4213ADC6200DB1BE8 /* PBXTargetDependency */ = {
			isa = PBXTargetDependency;
			target = F5EBA0C4213ADBEC00DB1BE8 /* BSWFoundationDemo */;
			targetProxy = F5EBA0F3213ADC6200DB1BE8 /* PBXContainerItemProxy */;
		};
/* End PBXTargetDependency section */

/* Begin PBXVariantGroup section */
		F5EBA0D0213ADBED00DB1BE8 /* LaunchScreen.storyboard */ = {
			isa = PBXVariantGroup;
			children = (
				F5EBA0D1213ADBED00DB1BE8 /* Base */,
			);
			name = LaunchScreen.storyboard;
			sourceTree = "<group>";
		};
/* End PBXVariantGroup section */

/* Begin XCBuildConfiguration section */
		8D3947FCE967C0D24A475F7A /* Release */ = {
			isa = XCBuildConfiguration;
			buildSettings = {
				ALWAYS_SEARCH_USER_PATHS = NO;
				CLANG_ANALYZER_NONNULL = YES;
				CLANG_CXX_LANGUAGE_STANDARD = "gnu++0x";
				CLANG_CXX_LIBRARY = "libc++";
				CLANG_ENABLE_MODULES = YES;
				CLANG_ENABLE_OBJC_ARC = YES;
				CLANG_WARN_BLOCK_CAPTURE_AUTORELEASING = YES;
				CLANG_WARN_BOOL_CONVERSION = YES;
				CLANG_WARN_COMMA = YES;
				CLANG_WARN_CONSTANT_CONVERSION = YES;
				CLANG_WARN_DEPRECATED_OBJC_IMPLEMENTATIONS = YES;
				CLANG_WARN_DIRECT_OBJC_ISA_USAGE = YES;
				CLANG_WARN_EMPTY_BODY = YES;
				CLANG_WARN_ENUM_CONVERSION = YES;
				CLANG_WARN_INFINITE_RECURSION = YES;
				CLANG_WARN_INT_CONVERSION = YES;
				CLANG_WARN_NON_LITERAL_NULL_CONVERSION = YES;
				CLANG_WARN_OBJC_IMPLICIT_RETAIN_SELF = YES;
				CLANG_WARN_OBJC_LITERAL_CONVERSION = YES;
				CLANG_WARN_OBJC_ROOT_CLASS = YES;
				CLANG_WARN_RANGE_LOOP_ANALYSIS = YES;
				CLANG_WARN_STRICT_PROTOTYPES = YES;
				CLANG_WARN_SUSPICIOUS_MOVE = YES;
				CLANG_WARN_UNREACHABLE_CODE = YES;
				CLANG_WARN__DUPLICATE_METHOD_MATCH = YES;
				COPY_PHASE_STRIP = YES;
				ENABLE_NS_ASSERTIONS = NO;
				ENABLE_STRICT_OBJC_MSGSEND = YES;
				GCC_C_LANGUAGE_STANDARD = gnu99;
				GCC_NO_COMMON_BLOCKS = YES;
				GCC_WARN_64_TO_32_BIT_CONVERSION = YES;
				GCC_WARN_ABOUT_RETURN_TYPE = YES;
				GCC_WARN_UNDECLARED_SELECTOR = YES;
				GCC_WARN_UNINITIALIZED_AUTOS = YES;
				GCC_WARN_UNUSED_FUNCTION = YES;
				GCC_WARN_UNUSED_VARIABLE = YES;
				SWIFT_OPTIMIZATION_LEVEL = "-Owholemodule";
				SWIFT_VERSION = 4.2;
				VALIDATE_PRODUCT = YES;
			};
			name = Release;
		};
		A85138965A8DF7F514B7CD7B /* Debug */ = {
			isa = XCBuildConfiguration;
			buildSettings = {
				ALWAYS_SEARCH_USER_PATHS = NO;
				CLANG_ANALYZER_NONNULL = YES;
				CLANG_CXX_LANGUAGE_STANDARD = "gnu++0x";
				CLANG_CXX_LIBRARY = "libc++";
				CLANG_ENABLE_MODULES = YES;
				CLANG_ENABLE_OBJC_ARC = YES;
				CLANG_WARN_BLOCK_CAPTURE_AUTORELEASING = YES;
				CLANG_WARN_BOOL_CONVERSION = YES;
				CLANG_WARN_COMMA = YES;
				CLANG_WARN_CONSTANT_CONVERSION = YES;
				CLANG_WARN_DEPRECATED_OBJC_IMPLEMENTATIONS = YES;
				CLANG_WARN_DIRECT_OBJC_ISA_USAGE = YES;
				CLANG_WARN_EMPTY_BODY = YES;
				CLANG_WARN_ENUM_CONVERSION = YES;
				CLANG_WARN_INFINITE_RECURSION = YES;
				CLANG_WARN_INT_CONVERSION = YES;
				CLANG_WARN_NON_LITERAL_NULL_CONVERSION = YES;
				CLANG_WARN_OBJC_IMPLICIT_RETAIN_SELF = YES;
				CLANG_WARN_OBJC_LITERAL_CONVERSION = YES;
				CLANG_WARN_OBJC_ROOT_CLASS = YES;
				CLANG_WARN_RANGE_LOOP_ANALYSIS = YES;
				CLANG_WARN_STRICT_PROTOTYPES = YES;
				CLANG_WARN_SUSPICIOUS_MOVE = YES;
				CLANG_WARN_UNREACHABLE_CODE = YES;
				CLANG_WARN__DUPLICATE_METHOD_MATCH = YES;
				COPY_PHASE_STRIP = NO;
				ENABLE_STRICT_OBJC_MSGSEND = YES;
				ENABLE_TESTABILITY = YES;
				GCC_C_LANGUAGE_STANDARD = gnu99;
				GCC_DYNAMIC_NO_PIC = NO;
				GCC_NO_COMMON_BLOCKS = YES;
				GCC_OPTIMIZATION_LEVEL = 0;
				GCC_PREPROCESSOR_DEFINITIONS = (
					"DEBUG=1",
					"$(inherited)",
				);
				GCC_SYMBOLS_PRIVATE_EXTERN = NO;
				GCC_WARN_64_TO_32_BIT_CONVERSION = YES;
				GCC_WARN_ABOUT_RETURN_TYPE = YES;
				GCC_WARN_UNDECLARED_SELECTOR = YES;
				GCC_WARN_UNINITIALIZED_AUTOS = YES;
				GCC_WARN_UNUSED_FUNCTION = YES;
				GCC_WARN_UNUSED_VARIABLE = YES;
				ONLY_ACTIVE_ARCH = YES;
				SWIFT_VERSION = 4.2;
			};
			name = Debug;
		};
		EB2D29E91D55FC0A00F77ABB /* Debug */ = {
			isa = XCBuildConfiguration;
			baseConfigurationReference = 3D352CF9C5D8995FEBFFBB56 /* Pods-BSWFoundationDemo-Tests.debug.xcconfig */;
			buildSettings = {
				CLANG_WARN_DIRECT_OBJC_ISA_USAGE = YES_ERROR;
				CLANG_WARN_OBJC_ROOT_CLASS = YES_ERROR;
				"CODE_SIGN_IDENTITY[sdk=iphoneos*]" = "iPhone Developer";
				DEBUG_INFORMATION_FORMAT = dwarf;
				ENABLE_STRICT_OBJC_MSGSEND = YES;
				GCC_NO_COMMON_BLOCKS = YES;
				GCC_WARN_ABOUT_RETURN_TYPE = YES_ERROR;
				GCC_WARN_UNINITIALIZED_AUTOS = YES_AGGRESSIVE;
				INFOPLIST_FILE = Tests/Info.plist;
				IPHONEOS_DEPLOYMENT_TARGET = 9.3;
				LD_RUNPATH_SEARCH_PATHS = "$(inherited) @executable_path/Frameworks @loader_path/Frameworks";
				MTL_ENABLE_DEBUG_INFO = YES;
				OTHER_LDFLAGS = "$(inherited)";
				PRODUCT_BUNDLE_IDENTIFIER = com.blurredsoftware.Tests;
				PRODUCT_NAME = "$(TARGET_NAME)";
				SDKROOT = iphoneos;
				SWIFT_OPTIMIZATION_LEVEL = "-Onone";
				TEST_HOST = "$(BUILT_PRODUCTS_DIR)/BSWFoundationDemo.app/BSWFoundationDemo";
			};
			name = Debug;
		};
		EB2D29EA1D55FC0A00F77ABB /* Release */ = {
			isa = XCBuildConfiguration;
			baseConfigurationReference = 6824E64B040577828A322C8C /* Pods-BSWFoundationDemo-Tests.release.xcconfig */;
			buildSettings = {
				CLANG_WARN_DIRECT_OBJC_ISA_USAGE = YES_ERROR;
				CLANG_WARN_OBJC_ROOT_CLASS = YES_ERROR;
				"CODE_SIGN_IDENTITY[sdk=iphoneos*]" = "iPhone Developer";
				COPY_PHASE_STRIP = NO;
				DEBUG_INFORMATION_FORMAT = "dwarf-with-dsym";
				ENABLE_STRICT_OBJC_MSGSEND = YES;
				GCC_NO_COMMON_BLOCKS = YES;
				GCC_WARN_ABOUT_RETURN_TYPE = YES_ERROR;
				GCC_WARN_UNINITIALIZED_AUTOS = YES_AGGRESSIVE;
				INFOPLIST_FILE = Tests/Info.plist;
				IPHONEOS_DEPLOYMENT_TARGET = 9.3;
				LD_RUNPATH_SEARCH_PATHS = "$(inherited) @executable_path/Frameworks @loader_path/Frameworks";
				MTL_ENABLE_DEBUG_INFO = NO;
				OTHER_LDFLAGS = "$(inherited)";
				PRODUCT_BUNDLE_IDENTIFIER = com.blurredsoftware.Tests;
				PRODUCT_NAME = "$(TARGET_NAME)";
				SDKROOT = iphoneos;
				SWIFT_OPTIMIZATION_LEVEL = "-Onone";
				TEST_HOST = "$(BUILT_PRODUCTS_DIR)/BSWFoundationDemo.app/BSWFoundationDemo";
			};
			name = Release;
		};
		F5EBA0EB213ADBED00DB1BE8 /* Debug */ = {
			isa = XCBuildConfiguration;
			baseConfigurationReference = 782B63D251EB8D0A5F4535F1 /* Pods-BSWFoundationDemo.debug.xcconfig */;
			buildSettings = {
				ASSETCATALOG_COMPILER_APPICON_NAME = AppIcon;
				CLANG_ANALYZER_NUMBER_OBJECT_CONVERSION = YES_AGGRESSIVE;
				CLANG_CXX_LANGUAGE_STANDARD = "gnu++14";
				CLANG_ENABLE_OBJC_WEAK = YES;
				CLANG_WARN_DIRECT_OBJC_ISA_USAGE = YES_ERROR;
				CLANG_WARN_DOCUMENTATION_COMMENTS = YES;
				CLANG_WARN_OBJC_ROOT_CLASS = YES_ERROR;
				CLANG_WARN_UNGUARDED_AVAILABILITY = YES_AGGRESSIVE;
				CODE_SIGN_IDENTITY = "iPhone Developer";
				CODE_SIGN_STYLE = Automatic;
				DEBUG_INFORMATION_FORMAT = dwarf;
				GCC_C_LANGUAGE_STANDARD = gnu11;
				GCC_WARN_ABOUT_RETURN_TYPE = YES_ERROR;
				GCC_WARN_UNINITIALIZED_AUTOS = YES_AGGRESSIVE;
				INFOPLIST_FILE = BSWFoundationDemo/Info.plist;
				IPHONEOS_DEPLOYMENT_TARGET = 12.0;
				LD_RUNPATH_SEARCH_PATHS = "$(inherited) @executable_path/Frameworks";
				MTL_ENABLE_DEBUG_INFO = INCLUDE_SOURCE;
				MTL_FAST_MATH = YES;
				PRODUCT_BUNDLE_IDENTIFIER = TheLeftBit.BSWFoundationDemo;
				PRODUCT_NAME = "$(TARGET_NAME)";
				SDKROOT = iphoneos;
				SWIFT_ACTIVE_COMPILATION_CONDITIONS = DEBUG;
				SWIFT_OPTIMIZATION_LEVEL = "-Onone";
				SWIFT_VERSION = 4.2;
				TARGETED_DEVICE_FAMILY = "1,2";
			};
			name = Debug;
		};
		F5EBA0EC213ADBED00DB1BE8 /* Release */ = {
			isa = XCBuildConfiguration;
			baseConfigurationReference = 3E3CE6036801B09A2566C181 /* Pods-BSWFoundationDemo.release.xcconfig */;
			buildSettings = {
				ASSETCATALOG_COMPILER_APPICON_NAME = AppIcon;
				CLANG_ANALYZER_NUMBER_OBJECT_CONVERSION = YES_AGGRESSIVE;
				CLANG_CXX_LANGUAGE_STANDARD = "gnu++14";
				CLANG_ENABLE_OBJC_WEAK = YES;
				CLANG_WARN_DIRECT_OBJC_ISA_USAGE = YES_ERROR;
				CLANG_WARN_DOCUMENTATION_COMMENTS = YES;
				CLANG_WARN_OBJC_ROOT_CLASS = YES_ERROR;
				CLANG_WARN_UNGUARDED_AVAILABILITY = YES_AGGRESSIVE;
				CODE_SIGN_IDENTITY = "iPhone Developer";
				CODE_SIGN_STYLE = Automatic;
				COPY_PHASE_STRIP = NO;
				DEBUG_INFORMATION_FORMAT = "dwarf-with-dsym";
				GCC_C_LANGUAGE_STANDARD = gnu11;
				GCC_WARN_ABOUT_RETURN_TYPE = YES_ERROR;
				GCC_WARN_UNINITIALIZED_AUTOS = YES_AGGRESSIVE;
				INFOPLIST_FILE = BSWFoundationDemo/Info.plist;
				IPHONEOS_DEPLOYMENT_TARGET = 12.0;
				LD_RUNPATH_SEARCH_PATHS = "$(inherited) @executable_path/Frameworks";
				MTL_ENABLE_DEBUG_INFO = NO;
				MTL_FAST_MATH = YES;
				PRODUCT_BUNDLE_IDENTIFIER = TheLeftBit.BSWFoundationDemo;
				PRODUCT_NAME = "$(TARGET_NAME)";
				SDKROOT = iphoneos;
				SWIFT_VERSION = 4.2;
				TARGETED_DEVICE_FAMILY = "1,2";
			};
			name = Release;
		};
/* End XCBuildConfiguration section */

/* Begin XCConfigurationList section */
		80FCE540C7134368A0829DA0 /* Build configuration list for PBXProject "BSWFoundation" */ = {
			isa = XCConfigurationList;
			buildConfigurations = (
				A85138965A8DF7F514B7CD7B /* Debug */,
				8D3947FCE967C0D24A475F7A /* Release */,
			);
			defaultConfigurationIsVisible = 0;
			defaultConfigurationName = Release;
		};
		EB2D29EB1D55FC0A00F77ABB /* Build configuration list for PBXNativeTarget "Tests" */ = {
			isa = XCConfigurationList;
			buildConfigurations = (
				EB2D29E91D55FC0A00F77ABB /* Debug */,
				EB2D29EA1D55FC0A00F77ABB /* Release */,
			);
			defaultConfigurationIsVisible = 0;
			defaultConfigurationName = Release;
		};
		F5EBA0EA213ADBED00DB1BE8 /* Build configuration list for PBXNativeTarget "BSWFoundationDemo" */ = {
			isa = XCConfigurationList;
			buildConfigurations = (
				F5EBA0EB213ADBED00DB1BE8 /* Debug */,
				F5EBA0EC213ADBED00DB1BE8 /* Release */,
			);
			defaultConfigurationIsVisible = 0;
			defaultConfigurationName = Release;
		};
/* End XCConfigurationList section */
	};
	rootObject = DAE4EAD11600B16CE422FDCC /* Project object */;
}
