PODS:
  - Alamofire (4.3.0)
  - BNRDeferred (3.0.0-rc.2)
  - BSWFoundation (0.2.3):
    - Alamofire (~> 4.3.0)
    - BNRDeferred (= 3.0.0-rc.2)
    - Decodable (~> 0.5)
  - Decodable (0.5)

DEPENDENCIES:
  - BSWFoundation (from `../BSWFoundation.podspec`)

EXTERNAL SOURCES:
  BSWFoundation:
    :path: ../BSWFoundation.podspec

SPEC CHECKSUMS:
  Alamofire: 856a113053a7bc9cbe5d6367a555d773fc5cfef7
  BNRDeferred: 2d806418ccb601fee328a1e0d634684ec1e5db3a
  BSWFoundation: c9d5a7f9fb187ce4d0118c4222017403da13d6f2
  Decodable: 7c90acc68d357b71d0d6efc120faf9c53c644b7e

PODFILE CHECKSUM: 474e4f44206b268d4fad59ccaf3139e315a945f1

COCOAPODS: 1.2.0
