PODS:
  - Alamofire (4.0.0)
  - BNRDeferred (2.2.0-rc.1)
  - BSWFoundation (0.2.0):
    - Alamofire (~> 4.0.0)
    - BNRDeferred
    - Decodable (~> 0.5)
  - Decodable (0.5)

DEPENDENCIES:
  - BNRDeferred (from `https://github.com/bignerdranch/Deferred.git`, branch `swift-3_0`)
  - BSWFoundation (from `../BSWFoundation.podspec`)

EXTERNAL SOURCES:
  BNRDeferred:
    :branch: swift-3_0
    :git: https://github.com/bignerdranch/Deferred.git
  BSWFoundation:
    :path: "../BSWFoundation.podspec"

CHECKOUT OPTIONS:
  BNRDeferred:
    :commit: 4fad78faf79c6f386f780bffb7c78ecdfbd1f10b
    :git: https://github.com/bignerdranch/Deferred.git

SPEC CHECKSUMS:
  Alamofire: fef59f00388f267e52d9b432aa5d93dc97190f14
  BNRDeferred: e68ca797204d81a4516606a0cb597bc46fd0788b
  BSWFoundation: 0e8b13872672585ec6bd5af33a025f00489e9e45
  Decodable: 7c90acc68d357b71d0d6efc120faf9c53c644b7e

PODFILE CHECKSUM: 40f1102a7f63dde64017d39231dec822b93dec36

COCOAPODS: 1.1.0.rc.2
